{
  "name": "demo.resource-skills.web-resources",
  "version": "0.0.0",
  "lockfileVersion": 1,
  "requires": true,
  "dependencies": {
    "@types/xrm": {
      "version": "9.0.7",
      "resolved": "https://registry.npmjs.org/@types/xrm/-/xrm-9.0.7.tgz",
      "integrity": "sha512-AC0OOp92pQ7noHAza7eND3XjwnxzTtJleWJZx5yGffdzx132iF8gKDPvjOFsZmvupFps4Xb3ewMR5EmfVt3ssw==",
      "dev": true
    }
  }
}
